
Microsoft Visual Studio Solution File, Format Version 12.00
# Visual Studio 15
VisualStudioVersion = 15.0.27428.2002
MinimumVisualStudioVersion = 10.0.40219.1
Project("{888888A0-9F3D-457C-B088-3A5042F75D52}") = "FIEK-TCP klienti", "TCP-KLIENTI\FIEK-TCP klienti.pyproj", "{A5EF9FB4-FE82-400E-9502-DE4C5B7F6E22}"
EndProject
Global
	GlobalSection(SolutionConfigurationPlatforms) = preSolution
		Debug|Any CPU = Debug|Any CPU
		Release|Any CPU = Release|Any CPU
	EndGlobalSection
	GlobalSection(ProjectConfigurationPlatforms) = postSolution
		{A5EF9FB4-FE82-400E-9502-DE4C5B7F6E22}.Debug|Any CPU.ActiveCfg = Debug|Any CPU
		{A5EF9FB4-FE82-400E-9502-DE4C5B7F6E22}.Release|Any CPU.ActiveCfg = Release|Any CPU
	EndGlobalSection
	GlobalSection(SolutionProperties) = preSolution
		HideSolutionNode = FALSE
	EndGlobalSection
	GlobalSection(ExtensibilityGlobals) = postSolution
		SolutionGuid = {F12A67DF-427E-476F-8DDA-B8D8182C33A6}
	EndGlobalSection
EndGlobal
